// !$*UTF8*$!
{
	archiveVersion = 1;
	classes = {
	};
	objectVersion = 50;
	objects = {

/* Begin PBXBuildFile section */
		2160B8B42269EA2C006D0C15 /* NADecoder.swift in Sources */ = {isa = PBXBuildFile; fileRef = 2160B8B32269EA2C006D0C15 /* NADecoder.swift */; };
		2160B8B62269EF89006D0C15 /* NAArticleTableViewController.swift in Sources */ = {isa = PBXBuildFile; fileRef = 2160B8B52269EF89006D0C15 /* NAArticleTableViewController.swift */; };
		2160B8B82269F001006D0C15 /* NAArticleListViewModel.swift in Sources */ = {isa = PBXBuildFile; fileRef = 2160B8B72269F001006D0C15 /* NAArticleListViewModel.swift */; };
		2160B8BA226A1837006D0C15 /* NAArticleViewModel.swift in Sources */ = {isa = PBXBuildFile; fileRef = 2160B8B9226A1837006D0C15 /* NAArticleViewModel.swift */; };
		2160B8BD226A18C5006D0C15 /* Constants.swift in Sources */ = {isa = PBXBuildFile; fileRef = 2160B8BC226A18C5006D0C15 /* Constants.swift */; };
		2187BEA8226B3B410099E836 /* NAArticleTableViewCell.swift in Sources */ = {isa = PBXBuildFile; fileRef = 2187BEA7226B3B410099E836 /* NAArticleTableViewCell.swift */; };
		2187BEAA226B3FED0099E836 /* NAArticleDetailViewController.swift in Sources */ = {isa = PBXBuildFile; fileRef = 2187BEA9226B3FED0099E836 /* NAArticleDetailViewController.swift */; };
		21AB0C652269C5B900CB4E4A /* NAResponse.swift in Sources */ = {isa = PBXBuildFile; fileRef = 21AB0C642269C5B900CB4E4A /* NAResponse.swift */; };
		21AB0C682269C8EE00CB4E4A /* NAArticle.swift in Sources */ = {isa = PBXBuildFile; fileRef = 21AB0C672269C8EE00CB4E4A /* NAArticle.swift */; };
		21AB0C6C2269C97C00CB4E4A /* NATarget.swift in Sources */ = {isa = PBXBuildFile; fileRef = 21AB0C6B2269C97C00CB4E4A /* NATarget.swift */; };
		21AB0C6E2269C9EC00CB4E4A /* NATargetType.swift in Sources */ = {isa = PBXBuildFile; fileRef = 21AB0C6D2269C9EC00CB4E4A /* NATargetType.swift */; };
		21AB0C702269CEDB00CB4E4A /* NAError.swift in Sources */ = {isa = PBXBuildFile; fileRef = 21AB0C6F2269CEDB00CB4E4A /* NAError.swift */; };
		21AB0C722269CF2800CB4E4A /* Result.swift in Sources */ = {isa = PBXBuildFile; fileRef = 21AB0C712269CF2800CB4E4A /* Result.swift */; };
		21AB0C742269CF6C00CB4E4A /* NewsAPI.swift in Sources */ = {isa = PBXBuildFile; fileRef = 21AB0C732269CF6C00CB4E4A /* NewsAPI.swift */; };
		21AB0C762269D1A000CB4E4A /* NAProvider.swift in Sources */ = {isa = PBXBuildFile; fileRef = 21AB0C752269D1A000CB4E4A /* NAProvider.swift */; };
		21D43EC5226920B400CB4CFD /* AppDelegate.swift in Sources */ = {isa = PBXBuildFile; fileRef = 21D43EC4226920B400CB4CFD /* AppDelegate.swift */; };
		21D43ECA226920B400CB4CFD /* Main.storyboard in Resources */ = {isa = PBXBuildFile; fileRef = 21D43EC8226920B400CB4CFD /* Main.storyboard */; };
		21D43ECC226920B500CB4CFD /* Assets.xcassets in Resources */ = {isa = PBXBuildFile; fileRef = 21D43ECB226920B500CB4CFD /* Assets.xcassets */; };
		21D43ECF226920B500CB4CFD /* LaunchScreen.storyboard in Resources */ = {isa = PBXBuildFile; fileRef = 21D43ECD226920B500CB4CFD /* LaunchScreen.storyboard */; };
		21D43EDA226920B500CB4CFD /* NewsAppTests.swift in Sources */ = {isa = PBXBuildFile; fileRef = 21D43ED9226920B500CB4CFD /* NewsAppTests.swift */; };
		30E47452DFFE2EA4AFA787F6 /* Pods_NewsAppTests.framework in Frameworks */ = {isa = PBXBuildFile; fileRef = D298781E8ECE1E8884809B70 /* Pods_NewsAppTests.framework */; };
		523C0EEBCFBCB7D5C5E1845E /* Pods_NewsApp.framework in Frameworks */ = {isa = PBXBuildFile; fileRef = 7D7C62A2C087E0B9911038EC /* Pods_NewsApp.framework */; };
/* End PBXBuildFile section */

/* Begin PBXContainerItemProxy section */
		21D43ED6226920B500CB4CFD /* PBXContainerItemProxy */ = {
			isa = PBXContainerItemProxy;
			containerPortal = 21D43EB9226920B300CB4CFD /* Project object */;
			proxyType = 1;
			remoteGlobalIDString = 21D43EC0226920B400CB4CFD;
			remoteInfo = NewsApp;
		};
/* End PBXContainerItemProxy section */

/* Begin PBXFileReference section */
		11CD2937812611C04A212340 /* Pods-NewsAppTests.release.xcconfig */ = {isa = PBXFileReference; includeInIndex = 1; lastKnownFileType = text.xcconfig; name = "Pods-NewsAppTests.release.xcconfig"; path = "Target Support Files/Pods-NewsAppTests/Pods-NewsAppTests.release.xcconfig"; sourceTree = "<group>"; };
		2160B8B32269EA2C006D0C15 /* NADecoder.swift */ = {isa = PBXFileReference; lastKnownFileType = sourcecode.swift; path = NADecoder.swift; sourceTree = "<group>"; };
		2160B8B52269EF89006D0C15 /* NAArticleTableViewController.swift */ = {isa = PBXFileReference; lastKnownFileType = sourcecode.swift; path = NAArticleTableViewController.swift; sourceTree = "<group>"; };
		2160B8B72269F001006D0C15 /* NAArticleListViewModel.swift */ = {isa = PBXFileReference; lastKnownFileType = sourcecode.swift; path = NAArticleListViewModel.swift; sourceTree = "<group>"; };
		2160B8B9226A1837006D0C15 /* NAArticleViewModel.swift */ = {isa = PBXFileReference; lastKnownFileType = sourcecode.swift; path = NAArticleViewModel.swift; sourceTree = "<group>"; };
		2160B8BC226A18C5006D0C15 /* Constants.swift */ = {isa = PBXFileReference; lastKnownFileType = sourcecode.swift; path = Constants.swift; sourceTree = "<group>"; };
		2187BEA7226B3B410099E836 /* NAArticleTableViewCell.swift */ = {isa = PBXFileReference; lastKnownFileType = sourcecode.swift; path = NAArticleTableViewCell.swift; sourceTree = "<group>"; };
		2187BEA9226B3FED0099E836 /* NAArticleDetailViewController.swift */ = {isa = PBXFileReference; lastKnownFileType = sourcecode.swift; path = NAArticleDetailViewController.swift; sourceTree = "<group>"; };
		21AB0C642269C5B900CB4E4A /* NAResponse.swift */ = {isa = PBXFileReference; lastKnownFileType = sourcecode.swift; path = NAResponse.swift; sourceTree = "<group>"; };
		21AB0C672269C8EE00CB4E4A /* NAArticle.swift */ = {isa = PBXFileReference; lastKnownFileType = sourcecode.swift; path = NAArticle.swift; sourceTree = "<group>"; };
		21AB0C6B2269C97C00CB4E4A /* NATarget.swift */ = {isa = PBXFileReference; lastKnownFileType = sourcecode.swift; path = NATarget.swift; sourceTree = "<group>"; };
		21AB0C6D2269C9EC00CB4E4A /* NATargetType.swift */ = {isa = PBXFileReference; lastKnownFileType = sourcecode.swift; path = NATargetType.swift; sourceTree = "<group>"; };
		21AB0C6F2269CEDB00CB4E4A /* NAError.swift */ = {isa = PBXFileReference; lastKnownFileType = sourcecode.swift; path = NAError.swift; sourceTree = "<group>"; };
		21AB0C712269CF2800CB4E4A /* Result.swift */ = {isa = PBXFileReference; lastKnownFileType = sourcecode.swift; path = Result.swift; sourceTree = "<group>"; };
		21AB0C732269CF6C00CB4E4A /* NewsAPI.swift */ = {isa = PBXFileReference; lastKnownFileType = sourcecode.swift; path = NewsAPI.swift; sourceTree = "<group>"; };
		21AB0C752269D1A000CB4E4A /* NAProvider.swift */ = {isa = PBXFileReference; lastKnownFileType = sourcecode.swift; path = NAProvider.swift; sourceTree = "<group>"; };
		21D43EC1226920B400CB4CFD /* NewsApp.app */ = {isa = PBXFileReference; explicitFileType = wrapper.application; includeInIndex = 0; path = NewsApp.app; sourceTree = BUILT_PRODUCTS_DIR; };
		21D43EC4226920B400CB4CFD /* AppDelegate.swift */ = {isa = PBXFileReference; lastKnownFileType = sourcecode.swift; path = AppDelegate.swift; sourceTree = "<group>"; };
		21D43EC9226920B400CB4CFD /* Base */ = {isa = PBXFileReference; lastKnownFileType = file.storyboard; name = Base; path = Base.lproj/Main.storyboard; sourceTree = "<group>"; };
		21D43ECB226920B500CB4CFD /* Assets.xcassets */ = {isa = PBXFileReference; lastKnownFileType = folder.assetcatalog; path = Assets.xcassets; sourceTree = "<group>"; };
		21D43ECE226920B500CB4CFD /* Base */ = {isa = PBXFileReference; lastKnownFileType = file.storyboard; name = Base; path = Base.lproj/LaunchScreen.storyboard; sourceTree = "<group>"; };
		21D43ED0226920B500CB4CFD /* Info.plist */ = {isa = PBXFileReference; lastKnownFileType = text.plist.xml; path = Info.plist; sourceTree = "<group>"; };
		21D43ED5226920B500CB4CFD /* NewsAppTests.xctest */ = {isa = PBXFileReference; explicitFileType = wrapper.cfbundle; includeInIndex = 0; path = NewsAppTests.xctest; sourceTree = BUILT_PRODUCTS_DIR; };
		21D43ED9226920B500CB4CFD /* NewsAppTests.swift */ = {isa = PBXFileReference; lastKnownFileType = sourcecode.swift; path = NewsAppTests.swift; sourceTree = "<group>"; };
		21D43EDB226920B500CB4CFD /* Info.plist */ = {isa = PBXFileReference; lastKnownFileType = text.plist.xml; path = Info.plist; sourceTree = "<group>"; };
		7D7C62A2C087E0B9911038EC /* Pods_NewsApp.framework */ = {isa = PBXFileReference; explicitFileType = wrapper.framework; includeInIndex = 0; path = Pods_NewsApp.framework; sourceTree = BUILT_PRODUCTS_DIR; };
		9DD2BE2CF250EE7B28F1EC60 /* Pods-NewsApp.debug.xcconfig */ = {isa = PBXFileReference; includeInIndex = 1; lastKnownFileType = text.xcconfig; name = "Pods-NewsApp.debug.xcconfig"; path = "Target Support Files/Pods-NewsApp/Pods-NewsApp.debug.xcconfig"; sourceTree = "<group>"; };
		D298781E8ECE1E8884809B70 /* Pods_NewsAppTests.framework */ = {isa = PBXFileReference; explicitFileType = wrapper.framework; includeInIndex = 0; path = Pods_NewsAppTests.framework; sourceTree = BUILT_PRODUCTS_DIR; };
		F2FDD9993A63884677538F1D /* Pods-NewsApp.release.xcconfig */ = {isa = PBXFileReference; includeInIndex = 1; lastKnownFileType = text.xcconfig; name = "Pods-NewsApp.release.xcconfig"; path = "Target Support Files/Pods-NewsApp/Pods-NewsApp.release.xcconfig"; sourceTree = "<group>"; };
		F9A33CE8C16608303374FA69 /* Pods-NewsAppTests.debug.xcconfig */ = {isa = PBXFileReference; includeInIndex = 1; lastKnownFileType = text.xcconfig; name = "Pods-NewsAppTests.debug.xcconfig"; path = "Target Support Files/Pods-NewsAppTests/Pods-NewsAppTests.debug.xcconfig"; sourceTree = "<group>"; };
/* End PBXFileReference section */

/* Begin PBXFrameworksBuildPhase section */
		21D43EBE226920B400CB4CFD /* Frameworks */ = {
			isa = PBXFrameworksBuildPhase;
			buildActionMask = 2147483647;
			files = (
				523C0EEBCFBCB7D5C5E1845E /* Pods_NewsApp.framework in Frameworks */,
			);
			runOnlyForDeploymentPostprocessing = 0;
		};
		21D43ED2226920B500CB4CFD /* Frameworks */ = {
			isa = PBXFrameworksBuildPhase;
			buildActionMask = 2147483647;
			files = (
				30E47452DFFE2EA4AFA787F6 /* Pods_NewsAppTests.framework in Frameworks */,
			);
			runOnlyForDeploymentPostprocessing = 0;
		};
/* End PBXFrameworksBuildPhase section */

/* Begin PBXGroup section */
		2160B8BB226A18AF006D0C15 /* Configs */ = {
			isa = PBXGroup;
			children = (
				2160B8BC226A18C5006D0C15 /* Constants.swift */,
			);
			path = Configs;
			sourceTree = "<group>";
		};
		21D43EB8226920B300CB4CFD = {
			isa = PBXGroup;
			children = (
				21D43EC3226920B400CB4CFD /* NewsApp */,
				21D43ED8226920B500CB4CFD /* NewsAppTests */,
				21D43EC2226920B400CB4CFD /* Products */,
				412342059DA995F69FF2B6D6 /* Pods */,
				EA28665C4E359BC17580BE82 /* Frameworks */,
			);
			sourceTree = "<group>";
		};
		21D43EC2226920B400CB4CFD /* Products */ = {
			isa = PBXGroup;
			children = (
				21D43EC1226920B400CB4CFD /* NewsApp.app */,
				21D43ED5226920B500CB4CFD /* NewsAppTests.xctest */,
			);
			name = Products;
			sourceTree = "<group>";
		};
		21D43EC3226920B400CB4CFD /* NewsApp */ = {
			isa = PBXGroup;
			children = (
				2160B8BB226A18AF006D0C15 /* Configs */,
				21D43EE92269229200CB4CFD /* API */,
				21D43EE42269211000CB4CFD /* Models */,
				21D43EE52269211E00CB4CFD /* Views */,
				21D43EE72269213600CB4CFD /* ViewModels */,
				21D43EE62269212B00CB4CFD /* Controllers */,
				21D43EE82269216C00CB4CFD /* Resources */,
			);
			path = NewsApp;
			sourceTree = "<group>";
		};
		21D43ED8226920B500CB4CFD /* NewsAppTests */ = {
			isa = PBXGroup;
			children = (
				21D43ED9226920B500CB4CFD /* NewsAppTests.swift */,
				21D43EDB226920B500CB4CFD /* Info.plist */,
			);
			path = NewsAppTests;
			sourceTree = "<group>";
		};
		21D43EE42269211000CB4CFD /* Models */ = {
			isa = PBXGroup;
			children = (
				21AB0C642269C5B900CB4E4A /* NAResponse.swift */,
				21AB0C672269C8EE00CB4E4A /* NAArticle.swift */,
			);
			path = Models;
			sourceTree = "<group>";
		};
		21D43EE52269211E00CB4CFD /* Views */ = {
			isa = PBXGroup;
			children = (
				21D43EC8226920B400CB4CFD /* Main.storyboard */,
			);
			path = Views;
			sourceTree = "<group>";
		};
		21D43EE62269212B00CB4CFD /* Controllers */ = {
			isa = PBXGroup;
			children = (
				21D43EC4226920B400CB4CFD /* AppDelegate.swift */,
				2187BEA7226B3B410099E836 /* NAArticleTableViewCell.swift */,
				2160B8B52269EF89006D0C15 /* NAArticleTableViewController.swift */,
				2187BEA9226B3FED0099E836 /* NAArticleDetailViewController.swift */,
			);
			path = Controllers;
			sourceTree = "<group>";
		};
		21D43EE72269213600CB4CFD /* ViewModels */ = {
			isa = PBXGroup;
			children = (
				2160B8B72269F001006D0C15 /* NAArticleListViewModel.swift */,
				2160B8B9226A1837006D0C15 /* NAArticleViewModel.swift */,
			);
			path = ViewModels;
			sourceTree = "<group>";
		};
		21D43EE82269216C00CB4CFD /* Resources */ = {
			isa = PBXGroup;
			children = (
				21D43ECD226920B500CB4CFD /* LaunchScreen.storyboard */,
				21D43ECB226920B500CB4CFD /* Assets.xcassets */,
				21D43ED0226920B500CB4CFD /* Info.plist */,
			);
			path = Resources;
			sourceTree = "<group>";
		};
		21D43EE92269229200CB4CFD /* API */ = {
			isa = PBXGroup;
			children = (
				2160B8B32269EA2C006D0C15 /* NADecoder.swift */,
				21AB0C6D2269C9EC00CB4E4A /* NATargetType.swift */,
				21AB0C6B2269C97C00CB4E4A /* NATarget.swift */,
				21AB0C6F2269CEDB00CB4E4A /* NAError.swift */,
				21AB0C712269CF2800CB4E4A /* Result.swift */,
				21AB0C732269CF6C00CB4E4A /* NewsAPI.swift */,
				21AB0C752269D1A000CB4E4A /* NAProvider.swift */,
			);
			path = API;
			sourceTree = "<group>";
		};
		412342059DA995F69FF2B6D6 /* Pods */ = {
			isa = PBXGroup;
			children = (
				9DD2BE2CF250EE7B28F1EC60 /* Pods-NewsApp.debug.xcconfig */,
				F2FDD9993A63884677538F1D /* Pods-NewsApp.release.xcconfig */,
				F9A33CE8C16608303374FA69 /* Pods-NewsAppTests.debug.xcconfig */,
				11CD2937812611C04A212340 /* Pods-NewsAppTests.release.xcconfig */,
			);
			path = Pods;
			sourceTree = "<group>";
		};
		EA28665C4E359BC17580BE82 /* Frameworks */ = {
			isa = PBXGroup;
			children = (
				7D7C62A2C087E0B9911038EC /* Pods_NewsApp.framework */,
				D298781E8ECE1E8884809B70 /* Pods_NewsAppTests.framework */,
			);
			name = Frameworks;
			sourceTree = "<group>";
		};
/* End PBXGroup section */

/* Begin PBXNativeTarget section */
		21D43EC0226920B400CB4CFD /* NewsApp */ = {
			isa = PBXNativeTarget;
			buildConfigurationList = 21D43EDE226920B500CB4CFD /* Build configuration list for PBXNativeTarget "NewsApp" */;
			buildPhases = (
				19FD0180C877CA8367911F4C /* [CP] Check Pods Manifest.lock */,
				21D43EBD226920B400CB4CFD /* Sources */,
				21D43EBE226920B400CB4CFD /* Frameworks */,
				21D43EBF226920B400CB4CFD /* Resources */,
				DE8EA7DE4602CE60AA7B4FF9 /* [CP] Embed Pods Frameworks */,
			);
			buildRules = (
			);
			dependencies = (
			);
			name = NewsApp;
			productName = NewsApp;
			productReference = 21D43EC1226920B400CB4CFD /* NewsApp.app */;
			productType = "com.apple.product-type.application";
		};
		21D43ED4226920B500CB4CFD /* NewsAppTests */ = {
			isa = PBXNativeTarget;
			buildConfigurationList = 21D43EE1226920B500CB4CFD /* Build configuration list for PBXNativeTarget "NewsAppTests" */;
			buildPhases = (
				466A2D97ED74306CC8435CF4 /* [CP] Check Pods Manifest.lock */,
				21D43ED1226920B500CB4CFD /* Sources */,
				21D43ED2226920B500CB4CFD /* Frameworks */,
				21D43ED3226920B500CB4CFD /* Resources */,
			);
			buildRules = (
			);
			dependencies = (
				21D43ED7226920B500CB4CFD /* PBXTargetDependency */,
			);
			name = NewsAppTests;
			productName = NewsAppTests;
			productReference = 21D43ED5226920B500CB4CFD /* NewsAppTests.xctest */;
			productType = "com.apple.product-type.bundle.unit-test";
		};
/* End PBXNativeTarget section */

/* Begin PBXProject section */
		21D43EB9226920B300CB4CFD /* Project object */ = {
			isa = PBXProject;
			attributes = {
				LastSwiftUpdateCheck = 1020;
				LastUpgradeCheck = 1020;
				ORGANIZATIONNAME = "Ricardo Silva";
				TargetAttributes = {
					21D43EC0226920B400CB4CFD = {
						CreatedOnToolsVersion = 10.2.1;
					};
					21D43ED4226920B500CB4CFD = {
						CreatedOnToolsVersion = 10.2.1;
						TestTargetID = 21D43EC0226920B400CB4CFD;
					};
				};
			};
			buildConfigurationList = 21D43EBC226920B300CB4CFD /* Build configuration list for PBXProject "NewsApp" */;
			compatibilityVersion = "Xcode 9.3";
			developmentRegion = en;
			hasScannedForEncodings = 0;
			knownRegions = (
				en,
				Base,
			);
			mainGroup = 21D43EB8226920B300CB4CFD;
			productRefGroup = 21D43EC2226920B400CB4CFD /* Products */;
			projectDirPath = "";
			projectRoot = "";
			targets = (
				21D43EC0226920B400CB4CFD /* NewsApp */,
				21D43ED4226920B500CB4CFD /* NewsAppTests */,
			);
		};
/* End PBXProject section */

/* Begin PBXResourcesBuildPhase section */
		21D43EBF226920B400CB4CFD /* Resources */ = {
			isa = PBXResourcesBuildPhase;
			buildActionMask = 2147483647;
			files = (
				21D43ECF226920B500CB4CFD /* LaunchScreen.storyboard in Resources */,
				21D43ECC226920B500CB4CFD /* Assets.xcassets in Resources */,
				21D43ECA226920B400CB4CFD /* Main.storyboard in Resources */,
			);
			runOnlyForDeploymentPostprocessing = 0;
		};
		21D43ED3226920B500CB4CFD /* Resources */ = {
			isa = PBXResourcesBuildPhase;
			buildActionMask = 2147483647;
			files = (
			);
			runOnlyForDeploymentPostprocessing = 0;
		};
/* End PBXResourcesBuildPhase section */

/* Begin PBXShellScriptBuildPhase section */
		19FD0180C877CA8367911F4C /* [CP] Check Pods Manifest.lock */ = {
			isa = PBXShellScriptBuildPhase;
			buildActionMask = 2147483647;
			files = (
			);
			inputFileListPaths = (
			);
			inputPaths = (
				"${PODS_PODFILE_DIR_PATH}/Podfile.lock",
				"${PODS_ROOT}/Manifest.lock",
			);
			name = "[CP] Check Pods Manifest.lock";
			outputFileListPaths = (
			);
			outputPaths = (
				"$(DERIVED_FILE_DIR)/Pods-NewsApp-checkManifestLockResult.txt",
			);
			runOnlyForDeploymentPostprocessing = 0;
			shellPath = /bin/sh;
			shellScript = "diff \"${PODS_PODFILE_DIR_PATH}/Podfile.lock\" \"${PODS_ROOT}/Manifest.lock\" > /dev/null\nif [ $? != 0 ] ; then\n    # print error to STDERR\n    echo \"error: The sandbox is not in sync with the Podfile.lock. Run 'pod install' or update your CocoaPods installation.\" >&2\n    exit 1\nfi\n# This output is used by Xcode 'outputs' to avoid re-running this script phase.\necho \"SUCCESS\" > \"${SCRIPT_OUTPUT_FILE_0}\"\n";
			showEnvVarsInLog = 0;
		};
		466A2D97ED74306CC8435CF4 /* [CP] Check Pods Manifest.lock */ = {
			isa = PBXShellScriptBuildPhase;
			buildActionMask = 2147483647;
			files = (
			);
			inputFileListPaths = (
			);
			inputPaths = (
				"${PODS_PODFILE_DIR_PATH}/Podfile.lock",
				"${PODS_ROOT}/Manifest.lock",
			);
			name = "[CP] Check Pods Manifest.lock";
			outputFileListPaths = (
			);
			outputPaths = (
				"$(DERIVED_FILE_DIR)/Pods-NewsAppTests-checkManifestLockResult.txt",
			);
			runOnlyForDeploymentPostprocessing = 0;
			shellPath = /bin/sh;
			shellScript = "diff \"${PODS_PODFILE_DIR_PATH}/Podfile.lock\" \"${PODS_ROOT}/Manifest.lock\" > /dev/null\nif [ $? != 0 ] ; then\n    # print error to STDERR\n    echo \"error: The sandbox is not in sync with the Podfile.lock. Run 'pod install' or update your CocoaPods installation.\" >&2\n    exit 1\nfi\n# This output is used by Xcode 'outputs' to avoid re-running this script phase.\necho \"SUCCESS\" > \"${SCRIPT_OUTPUT_FILE_0}\"\n";
			showEnvVarsInLog = 0;
		};
		DE8EA7DE4602CE60AA7B4FF9 /* [CP] Embed Pods Frameworks */ = {
			isa = PBXShellScriptBuildPhase;
			buildActionMask = 2147483647;
			files = (
			);
			inputFileListPaths = (
			);
			inputPaths = (
				"${PODS_ROOT}/Target Support Files/Pods-NewsApp/Pods-NewsApp-frameworks.sh",
				"${BUILT_PRODUCTS_DIR}/Alamofire/Alamofire.framework",
			);
			name = "[CP] Embed Pods Frameworks";
			outputFileListPaths = (
			);
			outputPaths = (
				"${TARGET_BUILD_DIR}/${FRAMEWORKS_FOLDER_PATH}/Alamofire.framework",
			);
			runOnlyForDeploymentPostprocessing = 0;
			shellPath = /bin/sh;
			shellScript = "\"${PODS_ROOT}/Target Support Files/Pods-NewsApp/Pods-NewsApp-frameworks.sh\"\n";
			showEnvVarsInLog = 0;
		};
/* End PBXShellScriptBuildPhase section */

/* Begin PBXSourcesBuildPhase section */
		21D43EBD226920B400CB4CFD /* Sources */ = {
			isa = PBXSourcesBuildPhase;
			buildActionMask = 2147483647;
			files = (
				21D43EC5226920B400CB4CFD /* AppDelegate.swift in Sources */,
				21AB0C702269CEDB00CB4E4A /* NAError.swift in Sources */,
				21AB0C652269C5B900CB4E4A /* NAResponse.swift in Sources */,
				21AB0C6E2269C9EC00CB4E4A /* NATargetType.swift in Sources */,
				21AB0C722269CF2800CB4E4A /* Result.swift in Sources */,
				21AB0C682269C8EE00CB4E4A /* NAArticle.swift in Sources */,
				2160B8B82269F001006D0C15 /* NAArticleListViewModel.swift in Sources */,
				2160B8BA226A1837006D0C15 /* NAArticleViewModel.swift in Sources */,
				21AB0C6C2269C97C00CB4E4A /* NATarget.swift in Sources */,
				21AB0C762269D1A000CB4E4A /* NAProvider.swift in Sources */,
				2160B8B62269EF89006D0C15 /* NAArticleTableViewController.swift in Sources */,
				2187BEAA226B3FED0099E836 /* NAArticleDetailViewController.swift in Sources */,
				2160B8BD226A18C5006D0C15 /* Constants.swift in Sources */,
				2187BEA8226B3B410099E836 /* NAArticleTableViewCell.swift in Sources */,
				21AB0C742269CF6C00CB4E4A /* NewsAPI.swift in Sources */,
				2160B8B42269EA2C006D0C15 /* NADecoder.swift in Sources */,
			);
			runOnlyForDeploymentPostprocessing = 0;
		};
		21D43ED1226920B500CB4CFD /* Sources */ = {
			isa = PBXSourcesBuildPhase;
			buildActionMask = 2147483647;
			files = (
				21D43EDA226920B500CB4CFD /* NewsAppTests.swift in Sources */,
			);
			runOnlyForDeploymentPostprocessing = 0;
		};
/* End PBXSourcesBuildPhase section */

/* Begin PBXTargetDependency section */
		21D43ED7226920B500CB4CFD /* PBXTargetDependency */ = {
			isa = PBXTargetDependency;
			target = 21D43EC0226920B400CB4CFD /* NewsApp */;
			targetProxy = 21D43ED6226920B500CB4CFD /* PBXContainerItemProxy */;
		};
/* End PBXTargetDependency section */

/* Begin PBXVariantGroup section */
		21D43EC8226920B400CB4CFD /* Main.storyboard */ = {
			isa = PBXVariantGroup;
			children = (
				21D43EC9226920B400CB4CFD /* Base */,
			);
			name = Main.storyboard;
			sourceTree = "<group>";
		};
		21D43ECD226920B500CB4CFD /* LaunchScreen.storyboard */ = {
			isa = PBXVariantGroup;
			children = (
				21D43ECE226920B500CB4CFD /* Base */,
			);
			name = LaunchScreen.storyboard;
			sourceTree = "<group>";
		};
/* End PBXVariantGroup section */

/* Begin XCBuildConfiguration section */
		21D43EDC226920B500CB4CFD /* Debug */ = {
			isa = XCBuildConfiguration;
			buildSettings = {
				ALWAYS_SEARCH_USER_PATHS = NO;
				CLANG_ANALYZER_NONNULL = YES;
				CLANG_ANALYZER_NUMBER_OBJECT_CONVERSION = YES_AGGRESSIVE;
				CLANG_CXX_LANGUAGE_STANDARD = "gnu++14";
				CLANG_CXX_LIBRARY = "libc++";
				CLANG_ENABLE_MODULES = YES;
				CLANG_ENABLE_OBJC_ARC = YES;
				CLANG_ENABLE_OBJC_WEAK = YES;
				CLANG_WARN_BLOCK_CAPTURE_AUTORELEASING = YES;
				CLANG_WARN_BOOL_CONVERSION = YES;
				CLANG_WARN_COMMA = YES;
				CLANG_WARN_CONSTANT_CONVERSION = YES;
				CLANG_WARN_DEPRECATED_OBJC_IMPLEMENTATIONS = YES;
				CLANG_WARN_DIRECT_OBJC_ISA_USAGE = YES_ERROR;
				CLANG_WARN_DOCUMENTATION_COMMENTS = YES;
				CLANG_WARN_EMPTY_BODY = YES;
				CLANG_WARN_ENUM_CONVERSION = YES;
				CLANG_WARN_INFINITE_RECURSION = YES;
				CLANG_WARN_INT_CONVERSION = YES;
				CLANG_WARN_NON_LITERAL_NULL_CONVERSION = YES;
				CLANG_WARN_OBJC_IMPLICIT_RETAIN_SELF = YES;
				CLANG_WARN_OBJC_LITERAL_CONVERSION = YES;
				CLANG_WARN_OBJC_ROOT_CLASS = YES_ERROR;
				CLANG_WARN_RANGE_LOOP_ANALYSIS = YES;
				CLANG_WARN_STRICT_PROTOTYPES = YES;
				CLANG_WARN_SUSPICIOUS_MOVE = YES;
				CLANG_WARN_UNGUARDED_AVAILABILITY = YES_AGGRESSIVE;
				CLANG_WARN_UNREACHABLE_CODE = YES;
				CLANG_WARN__DUPLICATE_METHOD_MATCH = YES;
				CODE_SIGN_IDENTITY = "iPhone Developer";
				COPY_PHASE_STRIP = NO;
				DEBUG_INFORMATION_FORMAT = dwarf;
				ENABLE_STRICT_OBJC_MSGSEND = YES;
				ENABLE_TESTABILITY = YES;
				GCC_C_LANGUAGE_STANDARD = gnu11;
				GCC_DYNAMIC_NO_PIC = NO;
				GCC_NO_COMMON_BLOCKS = YES;
				GCC_OPTIMIZATION_LEVEL = 0;
				GCC_PREPROCESSOR_DEFINITIONS = (
					"DEBUG=1",
					"$(inherited)",
				);
				GCC_WARN_64_TO_32_BIT_CONVERSION = YES;
				GCC_WARN_ABOUT_RETURN_TYPE = YES_ERROR;
				GCC_WARN_UNDECLARED_SELECTOR = YES;
				GCC_WARN_UNINITIALIZED_AUTOS = YES_AGGRESSIVE;
				GCC_WARN_UNUSED_FUNCTION = YES;
				GCC_WARN_UNUSED_VARIABLE = YES;
				IPHONEOS_DEPLOYMENT_TARGET = 12.2;
				MTL_ENABLE_DEBUG_INFO = INCLUDE_SOURCE;
				MTL_FAST_MATH = YES;
				ONLY_ACTIVE_ARCH = YES;
				SDKROOT = iphoneos;
				SWIFT_ACTIVE_COMPILATION_CONDITIONS = DEBUG;
				SWIFT_OPTIMIZATION_LEVEL = "-Onone";
			};
			name = Debug;
		};
		21D43EDD226920B500CB4CFD /* Release */ = {
			isa = XCBuildConfiguration;
			buildSettings = {
				ALWAYS_SEARCH_USER_PATHS = NO;
				CLANG_ANALYZER_NONNULL = YES;
				CLANG_ANALYZER_NUMBER_OBJECT_CONVERSION = YES_AGGRESSIVE;
				CLANG_CXX_LANGUAGE_STANDARD = "gnu++14";
				CLANG_CXX_LIBRARY = "libc++";
				CLANG_ENABLE_MODULES = YES;
				CLANG_ENABLE_OBJC_ARC = YES;
				CLANG_ENABLE_OBJC_WEAK = YES;
				CLANG_WARN_BLOCK_CAPTURE_AUTORELEASING = YES;
				CLANG_WARN_BOOL_CONVERSION = YES;
				CLANG_WARN_COMMA = YES;
				CLANG_WARN_CONSTANT_CONVERSION = YES;
				CLANG_WARN_DEPRECATED_OBJC_IMPLEMENTATIONS = YES;
				CLANG_WARN_DIRECT_OBJC_ISA_USAGE = YES_ERROR;
				CLANG_WARN_DOCUMENTATION_COMMENTS = YES;
				CLANG_WARN_EMPTY_BODY = YES;
				CLANG_WARN_ENUM_CONVERSION = YES;
				CLANG_WARN_INFINITE_RECURSION = YES;
				CLANG_WARN_INT_CONVERSION = YES;
				CLANG_WARN_NON_LITERAL_NULL_CONVERSION = YES;
				CLANG_WARN_OBJC_IMPLICIT_RETAIN_SELF = YES;
				CLANG_WARN_OBJC_LITERAL_CONVERSION = YES;
				CLANG_WARN_OBJC_ROOT_CLASS = YES_ERROR;
				CLANG_WARN_RANGE_LOOP_ANALYSIS = YES;
				CLANG_WARN_STRICT_PROTOTYPES = YES;
				CLANG_WARN_SUSPICIOUS_MOVE = YES;
				CLANG_WARN_UNGUARDED_AVAILABILITY = YES_AGGRESSIVE;
				CLANG_WARN_UNREACHABLE_CODE = YES;
				CLANG_WARN__DUPLICATE_METHOD_MATCH = YES;
				CODE_SIGN_IDENTITY = "iPhone Developer";
				COPY_PHASE_STRIP = NO;
				DEBUG_INFORMATION_FORMAT = "dwarf-with-dsym";
				ENABLE_NS_ASSERTIONS = NO;
				ENABLE_STRICT_OBJC_MSGSEND = YES;
				GCC_C_LANGUAGE_STANDARD = gnu11;
				GCC_NO_COMMON_BLOCKS = YES;
				GCC_WARN_64_TO_32_BIT_CONVERSION = YES;
				GCC_WARN_ABOUT_RETURN_TYPE = YES_ERROR;
				GCC_WARN_UNDECLARED_SELECTOR = YES;
				GCC_WARN_UNINITIALIZED_AUTOS = YES_AGGRESSIVE;
				GCC_WARN_UNUSED_FUNCTION = YES;
				GCC_WARN_UNUSED_VARIABLE = YES;
				IPHONEOS_DEPLOYMENT_TARGET = 12.2;
				MTL_ENABLE_DEBUG_INFO = NO;
				MTL_FAST_MATH = YES;
				SDKROOT = iphoneos;
				SWIFT_COMPILATION_MODE = wholemodule;
				SWIFT_OPTIMIZATION_LEVEL = "-O";
				VALIDATE_PRODUCT = YES;
			};
			name = Release;
		};
		21D43EDF226920B500CB4CFD /* Debug */ = {
			isa = XCBuildConfiguration;
			baseConfigurationReference = 9DD2BE2CF250EE7B28F1EC60 /* Pods-NewsApp.debug.xcconfig */;
			buildSettings = {
				ASSETCATALOG_COMPILER_APPICON_NAME = AppIcon;
				CODE_SIGN_STYLE = Automatic;
				DEVELOPMENT_TEAM = 8R8R3GZ48W;
				INFOPLIST_FILE = "$(SRCROOT)/NewsApp/Resources/Info.plist";
				LD_RUNPATH_SEARCH_PATHS = (
					"$(inherited)",
					"@executable_path/Frameworks",
				);
				PRODUCT_BUNDLE_IDENTIFIER = com.ricardosilva.NewsApp;
				PRODUCT_NAME = "$(TARGET_NAME)";
				SWIFT_VERSION = 5.0;
				TARGETED_DEVICE_FAMILY = "1,2";
			};
			name = Debug;
		};
		21D43EE0226920B500CB4CFD /* Release */ = {
			isa = XCBuildConfiguration;
			baseConfigurationReference = F2FDD9993A63884677538F1D /* Pods-NewsApp.release.xcconfig */;
			buildSettings = {
				ASSETCATALOG_COMPILER_APPICON_NAME = AppIcon;
				CODE_SIGN_STYLE = Automatic;
				DEVELOPMENT_TEAM = 8R8R3GZ48W;
				INFOPLIST_FILE = "$(SRCROOT)/NewsApp/Resources/Info.plist";
				LD_RUNPATH_SEARCH_PATHS = (
					"$(inherited)",
					"@executable_path/Frameworks",
				);
				PRODUCT_BUNDLE_IDENTIFIER = com.ricardosilva.NewsApp;
				PRODUCT_NAME = "$(TARGET_NAME)";
				SWIFT_VERSION = 5.0;
				TARGETED_DEVICE_FAMILY = "1,2";
			};
			name = Release;
		};
		21D43EE2226920B500CB4CFD /* Debug */ = {
			isa = XCBuildConfiguration;
			baseConfigurationReference = F9A33CE8C16608303374FA69 /* Pods-NewsAppTests.debug.xcconfig */;
			buildSettings = {
				ALWAYS_EMBED_SWIFT_STANDARD_LIBRARIES = YES;
				BUNDLE_LOADER = "$(TEST_HOST)";
				CODE_SIGN_STYLE = Automatic;
				DEVELOPMENT_TEAM = 8R8R3GZ48W;
				INFOPLIST_FILE = NewsAppTests/Info.plist;
				LD_RUNPATH_SEARCH_PATHS = (
					"$(inherited)",
					"@executable_path/Frameworks",
					"@loader_path/Frameworks",
				);
				PRODUCT_BUNDLE_IDENTIFIER = com.ricardosilva.NewsAppTests;
				PRODUCT_NAME = "$(TARGET_NAME)";
				SWIFT_VERSION = 5.0;
				TARGETED_DEVICE_FAMILY = "1,2";
				TEST_HOST = "$(BUILT_PRODUCTS_DIR)/NewsApp.app/NewsApp";
			};
			name = Debug;
		};
		21D43EE3226920B500CB4CFD /* Release */ = {
			isa = XCBuildConfiguration;
			baseConfigurationReference = 11CD2937812611C04A212340 /* Pods-NewsAppTests.release.xcconfig */;
			buildSettings = {
				ALWAYS_EMBED_SWIFT_STANDARD_LIBRARIES = YES;
				BUNDLE_LOADER = "$(TEST_HOST)";
				CODE_SIGN_STYLE = Automatic;
				DEVELOPMENT_TEAM = 8R8R3GZ48W;
				INFOPLIST_FILE = NewsAppTests/Info.plist;
				LD_RUNPATH_SEARCH_PATHS = (
					"$(inherited)",
					"@executable_path/Frameworks",
					"@loader_path/Frameworks",
				);
				PRODUCT_BUNDLE_IDENTIFIER = com.ricardosilva.NewsAppTests;
				PRODUCT_NAME = "$(TARGET_NAME)";
				SWIFT_VERSION = 5.0;
				TARGETED_DEVICE_FAMILY = "1,2";
				TEST_HOST = "$(BUILT_PRODUCTS_DIR)/NewsApp.app/NewsApp";
			};
			name = Release;
		};
/* End XCBuildConfiguration section */

/* Begin XCConfigurationList section */
		21D43EBC226920B300CB4CFD /* Build configuration list for PBXProject "NewsApp" */ = {
			isa = XCConfigurationList;
			buildConfigurations = (
				21D43EDC226920B500CB4CFD /* Debug */,
				21D43EDD226920B500CB4CFD /* Release */,
			);
			defaultConfigurationIsVisible = 0;
			defaultConfigurationName = Release;
		};
		21D43EDE226920B500CB4CFD /* Build configuration list for PBXNativeTarget "NewsApp" */ = {
			isa = XCConfigurationList;
			buildConfigurations = (
				21D43EDF226920B500CB4CFD /* Debug */,
				21D43EE0226920B500CB4CFD /* Release */,
			);
			defaultConfigurationIsVisible = 0;
			defaultConfigurationName = Release;
		};
		21D43EE1226920B500CB4CFD /* Build configuration list for PBXNativeTarget "NewsAppTests" */ = {
			isa = XCConfigurationList;
			buildConfigurations = (
				21D43EE2226920B500CB4CFD /* Debug */,
				21D43EE3226920B500CB4CFD /* Release */,
			);
			defaultConfigurationIsVisible = 0;
			defaultConfigurationName = Release;
		};
/* End XCConfigurationList section */
	};
	rootObject = 21D43EB9226920B300CB4CFD /* Project object */;
}
